
Microsoft Visual Studio Solution File, Format Version 12.00
# Visual Studio Version 16
VisualStudioVersion = 16.0.29306.81
MinimumVisualStudioVersion = 10.0.40219.1
Project("{FAE04EC0-301F-11D3-BF4B-00C04F79EFBC}") = "Electronic_Store", "Electronic_Store\Electronic_Store.csproj", "{C080E2EF-ED77-4698-812C-18B2E7C9F64F}"
EndProject
Global
	GlobalSection(SolutionConfigurationPlatforms) = preSolution
		Debug|Any CPU = Debug|Any CPU
		Release|Any CPU = Release|Any CPU
	EndGlobalSection
	GlobalSection(ProjectConfigurationPlatforms) = postSolution
		{C080E2EF-ED77-4698-812C-18B2E7C9F64F}.Debug|Any CPU.ActiveCfg = Debug|Any CPU
		{C080E2EF-ED77-4698-812C-18B2E7C9F64F}.Debug|Any CPU.Build.0 = Debug|Any CPU
		{C080E2EF-ED77-4698-812C-18B2E7C9F64F}.Release|Any CPU.ActiveCfg = Release|Any CPU
		{C080E2EF-ED77-4698-812C-18B2E7C9F64F}.Release|Any CPU.Build.0 = Release|Any CPU
	EndGlobalSection
	GlobalSection(SolutionProperties) = preSolution
		HideSolutionNode = FALSE
	EndGlobalSection
	GlobalSection(ExtensibilityGlobals) = postSolution
		SolutionGuid = {006BFEB6-07B5-4458-9DA4-64B1644EFFA9}
	EndGlobalSection
EndGlobal
